
Microsoft Visual Studio Solution File, Format Version 12.00
# Visual Studio Version 17
VisualStudioVersion = 17.2.32616.157
MinimumVisualStudioVersion = 10.0.40219.1
Project("{FAE04EC0-301F-11D3-BF4B-00C04F79EFBC}") = "SuperMarket", "SuperMarket\SuperMarket.csproj", "{EC66C560-495A-4AF8-92A8-D2FE973BDEB1}"
EndProject
Global
	GlobalSection(SolutionConfigurationPlatforms) = preSolution
		Debug|Any CPU = Debug|Any CPU
		Release|Any CPU = Release|Any CPU
	EndGlobalSection
	GlobalSection(ProjectConfigurationPlatforms) = postSolution
		{EC66C560-495A-4AF8-92A8-D2FE973BDEB1}.Debug|Any CPU.ActiveCfg = Debug|Any CPU
		{EC66C560-495A-4AF8-92A8-D2FE973BDEB1}.Debug|Any CPU.Build.0 = Debug|Any CPU
		{EC66C560-495A-4AF8-92A8-D2FE973BDEB1}.Release|Any CPU.ActiveCfg = Release|Any CPU
		{EC66C560-495A-4AF8-92A8-D2FE973BDEB1}.Release|Any CPU.Build.0 = Release|Any CPU
	EndGlobalSection
	GlobalSection(SolutionProperties) = preSolution
		HideSolutionNode = FALSE
	EndGlobalSection
	GlobalSection(ExtensibilityGlobals) = postSolution
		SolutionGuid = {0CD89B90-3247-444A-A6DA-BB1DCD520C11}
	EndGlobalSection
EndGlobal
